
Microsoft Visual Studio Solution File, Format Version 10.00
# Visual Studio 2008
Project("{FAE04EC0-301F-11D3-BF4B-00C04F79EFBC}") = "CustomTextFieldAlertView", "CustomTextFieldAlertView\CustomTextFieldAlertView.csproj", "{132F33CE-493F-4C06-B498-ED884119686D}"
EndProject
Global
	GlobalSection(SolutionConfigurationPlatforms) = preSolution
		Debug|iPhoneSimulator = Debug|iPhoneSimulator
		Release|iPhoneSimulator = Release|iPhoneSimulator
		Debug|iPhone = Debug|iPhone
		Release|iPhone = Release|iPhone
	EndGlobalSection
	GlobalSection(ProjectConfigurationPlatforms) = postSolution
		{132F33CE-493F-4C06-B498-ED884119686D}.Debug|iPhone.ActiveCfg = Debug|iPhone
		{132F33CE-493F-4C06-B498-ED884119686D}.Debug|iPhone.Build.0 = Debug|iPhone
		{132F33CE-493F-4C06-B498-ED884119686D}.Debug|iPhoneSimulator.ActiveCfg = Debug|iPhoneSimulator
		{132F33CE-493F-4C06-B498-ED884119686D}.Debug|iPhoneSimulator.Build.0 = Debug|iPhoneSimulator
		{132F33CE-493F-4C06-B498-ED884119686D}.Release|iPhone.ActiveCfg = Release|iPhone
		{132F33CE-493F-4C06-B498-ED884119686D}.Release|iPhone.Build.0 = Release|iPhone
		{132F33CE-493F-4C06-B498-ED884119686D}.Release|iPhoneSimulator.ActiveCfg = Release|iPhoneSimulator
		{132F33CE-493F-4C06-B498-ED884119686D}.Release|iPhoneSimulator.Build.0 = Release|iPhoneSimulator
	EndGlobalSection
	GlobalSection(MonoDevelopProperties) = preSolution
		StartupItem = CustomTextFieldAlertView\CustomTextFieldAlertView.csproj
	EndGlobalSection
EndGlobal
